github.com/go-chi/chi/v5 v5.0.8 h1:lD+NLqFcAi1ovnVZpsnObHGW4xb4J8lNmoYVfECH1Y0=
github.com/go-chi/chi/v5 v5.0.8/go.mod h1:DslCQbL2OYiznFReuXYUmQ2hGd1aDpCnlMNITLSKoi8=
github.com/go-chi/cors v1.2.1 h1:xEC8UT3Rlp2QuWNEr4Fs/c2EAGVKBwy/1vHx3bppil4=
github.com/go-chi/cors v1.2.1/go.mod h1:sSbTewc+6wYHBBCW7ytsFSn836hqM7JxpglAy2Vzc58=
github.com/openharambe/gopdf v0.0.1 h1:SkyXEc3S8bfMun93wVf9Zm5V1zI2VMtW8FJ+VqkY/u4=
github.com/openharambe/gopdf v0.0.1/go.mod h1:opj4fbqBLwnXS0Z3iGwLkTU0c3QXsLx4Fev6faQ9ubM=
